
Microsoft Visual Studio Solution File, Format Version 12.00
# Visual Studio Version 16
VisualStudioVersion = 16.0.28711.60
MinimumVisualStudioVersion = 10.0.40219.1
Project("{888888A0-9F3D-457C-B088-3A5042F75D52}") = "PredictChessPiecesService", "PredictChessPiecesService.pyproj", "{02AFF7BA-466B-48E0-A753-4B7C4FED32F2}"
EndProject
Global
	GlobalSection(SolutionConfigurationPlatforms) = preSolution
		Debug|Any CPU = Debug|Any CPU
		Release|Any CPU = Release|Any CPU
	EndGlobalSection
	GlobalSection(ProjectConfigurationPlatforms) = postSolution
		{02AFF7BA-466B-48E0-A753-4B7C4FED32F2}.Debug|Any CPU.ActiveCfg = Debug|Any CPU
		{02AFF7BA-466B-48E0-A753-4B7C4FED32F2}.Debug|Any CPU.Build.0 = Debug|Any CPU
		{02AFF7BA-466B-48E0-A753-4B7C4FED32F2}.Release|Any CPU.ActiveCfg = Release|Any CPU
		{02AFF7BA-466B-48E0-A753-4B7C4FED32F2}.Release|Any CPU.Build.0 = Release|Any CPU
	EndGlobalSection
	GlobalSection(SolutionProperties) = preSolution
		HideSolutionNode = FALSE
	EndGlobalSection
	GlobalSection(ExtensibilityGlobals) = postSolution
		SolutionGuid = {2F41EBEC-02B9-4B90-B4D8-E91CEEE90385}
	EndGlobalSection
EndGlobal
